// !$*UTF8*$!
{
	archiveVersion = 1;
	classes = {
	};
	objectVersion = 50;
	objects = {

/* Begin PBXBuildFile section */
		73FB5BAA20EE15B20061562C /* main.swift in Sources */ = {isa = PBXBuildFile; fileRef = 73FB5BA920EE15B20061562C /* main.swift */; };
		73FB5BB120EE15D40061562C /* ReverseSequence.swift in Sources */ = {isa = PBXBuildFile; fileRef = 73FB5BB020EE15D40061562C /* ReverseSequence.swift */; };
		73FB5BB320EE22210061562C /* Tuple.swift in Sources */ = {isa = PBXBuildFile; fileRef = 73FB5BB220EE22210061562C /* Tuple.swift */; };
		73FB5BB520EE24F30061562C /* AutoClosure.swift in Sources */ = {isa = PBXBuildFile; fileRef = 73FB5BB420EE24F30061562C /* AutoClosure.swift */; };
		73FB5BB720EE2AF00061562C /* Operator.swift in Sources */ = {isa = PBXBuildFile; fileRef = 73FB5BB620EE2AF00061562C /* Operator.swift */; };
		73FB5BCE20F60DDB0061562C /* Regex.swift in Sources */ = {isa = PBXBuildFile; fileRef = 73FB5BCD20F60DDB0061562C /* Regex.swift */; };
/* End PBXBuildFile section */

/* Begin PBXCopyFilesBuildPhase section */
		73FB5BA420EE15B20061562C /* CopyFiles */ = {
			isa = PBXCopyFilesBuildPhase;
			buildActionMask = 2147483647;
			dstPath = /usr/share/man/man1/;
			dstSubfolderSpec = 0;
			files = (
			);
			runOnlyForDeploymentPostprocessing = 1;
		};
/* End PBXCopyFilesBuildPhase section */

/* Begin PBXFileReference section */
		73FB5BA620EE15B20061562C /* SwiftTips */ = {isa = PBXFileReference; explicitFileType = "compiled.mach-o.executable"; includeInIndex = 0; path = SwiftTips; sourceTree = BUILT_PRODUCTS_DIR; };
		73FB5BA920EE15B20061562C /* main.swift */ = {isa = PBXFileReference; lastKnownFileType = sourcecode.swift; path = main.swift; sourceTree = "<group>"; };
		73FB5BB020EE15D40061562C /* ReverseSequence.swift */ = {isa = PBXFileReference; lastKnownFileType = sourcecode.swift; path = ReverseSequence.swift; sourceTree = "<group>"; };
		73FB5BB220EE22210061562C /* Tuple.swift */ = {isa = PBXFileReference; lastKnownFileType = sourcecode.swift; path = Tuple.swift; sourceTree = "<group>"; };
		73FB5BB420EE24F30061562C /* AutoClosure.swift */ = {isa = PBXFileReference; lastKnownFileType = sourcecode.swift; path = AutoClosure.swift; sourceTree = "<group>"; };
		73FB5BB620EE2AF00061562C /* Operator.swift */ = {isa = PBXFileReference; lastKnownFileType = sourcecode.swift; path = Operator.swift; sourceTree = "<group>"; };
		73FB5BCD20F60DDB0061562C /* Regex.swift */ = {isa = PBXFileReference; lastKnownFileType = sourcecode.swift; path = Regex.swift; sourceTree = "<group>"; };
/* End PBXFileReference section */

/* Begin PBXFrameworksBuildPhase section */
		73FB5BA320EE15B20061562C /* Frameworks */ = {
			isa = PBXFrameworksBuildPhase;
			buildActionMask = 2147483647;
			files = (
			);
			runOnlyForDeploymentPostprocessing = 0;
		};
/* End PBXFrameworksBuildPhase section */

/* Begin PBXGroup section */
		73FB5B9D20EE15B20061562C = {
			isa = PBXGroup;
			children = (
				73FB5BA820EE15B20061562C /* SwiftTips */,
				73FB5BA720EE15B20061562C /* Products */,
			);
			sourceTree = "<group>";
		};
		73FB5BA720EE15B20061562C /* Products */ = {
			isa = PBXGroup;
			children = (
				73FB5BA620EE15B20061562C /* SwiftTips */,
			);
			name = Products;
			sourceTree = "<group>";
		};
		73FB5BA820EE15B20061562C /* SwiftTips */ = {
			isa = PBXGroup;
			children = (
				73FB5BA920EE15B20061562C /* main.swift */,
				73FB5BB020EE15D40061562C /* ReverseSequence.swift */,
				73FB5BB220EE22210061562C /* Tuple.swift */,
				73FB5BB420EE24F30061562C /* AutoClosure.swift */,
				73FB5BB620EE2AF00061562C /* Operator.swift */,
				73FB5BCD20F60DDB0061562C /* Regex.swift */,
			);
			path = SwiftTips;
			sourceTree = "<group>";
		};
/* End PBXGroup section */

/* Begin PBXNativeTarget section */
		73FB5BA520EE15B20061562C /* SwiftTips */ = {
			isa = PBXNativeTarget;
			buildConfigurationList = 73FB5BAD20EE15B20061562C /* Build configuration list for PBXNativeTarget "SwiftTips" */;
			buildPhases = (
				73FB5BA220EE15B20061562C /* Sources */,
				73FB5BA320EE15B20061562C /* Frameworks */,
				73FB5BA420EE15B20061562C /* CopyFiles */,
			);
			buildRules = (
			);
			dependencies = (
			);
			name = SwiftTips;
			productName = SwiftTips;
			productReference = 73FB5BA620EE15B20061562C /* SwiftTips */;
			productType = "com.apple.product-type.tool";
		};
/* End PBXNativeTarget section */

/* Begin PBXProject section */
		73FB5B9E20EE15B20061562C /* Project object */ = {
			isa = PBXProject;
			attributes = {
				LastSwiftUpdateCheck = 0940;
				LastUpgradeCheck = 0940;
				ORGANIZATIONNAME = dyljqq;
				TargetAttributes = {
					73FB5BA520EE15B20061562C = {
						CreatedOnToolsVersion = 9.4.1;
					};
				};
			};
			buildConfigurationList = 73FB5BA120EE15B20061562C /* Build configuration list for PBXProject "SwiftTips" */;
			compatibilityVersion = "Xcode 9.3";
			developmentRegion = en;
			hasScannedForEncodings = 0;
			knownRegions = (
				en,
			);
			mainGroup = 73FB5B9D20EE15B20061562C;
			productRefGroup = 73FB5BA720EE15B20061562C /* Products */;
			projectDirPath = "";
			projectRoot = "";
			targets = (
				73FB5BA520EE15B20061562C /* SwiftTips */,
			);
		};
/* End PBXProject section */

/* Begin PBXSourcesBuildPhase section */
		73FB5BA220EE15B20061562C /* Sources */ = {
			isa = PBXSourcesBuildPhase;
			buildActionMask = 2147483647;
			files = (
				73FB5BAA20EE15B20061562C /* main.swift in Sources */,
				73FB5BB320EE22210061562C /* Tuple.swift in Sources */,
				73FB5BB720EE2AF00061562C /* Operator.swift in Sources */,
				73FB5BB520EE24F30061562C /* AutoClosure.swift in Sources */,
				73FB5BB120EE15D40061562C /* ReverseSequence.swift in Sources */,
				73FB5BCE20F60DDB0061562C /* Regex.swift in Sources */,
			);
			runOnlyForDeploymentPostprocessing = 0;
		};
/* End PBXSourcesBuildPhase section */

/* Begin XCBuildConfiguration section */
		73FB5BAB20EE15B20061562C /* Debug */ = {
			isa = XCBuildConfiguration;
			buildSettings = {
				ALWAYS_SEARCH_USER_PATHS = NO;
				CLANG_ANALYZER_NONNULL = YES;
				CLANG_ANALYZER_NUMBER_OBJECT_CONVERSION = YES_AGGRESSIVE;
				CLANG_CXX_LANGUAGE_STANDARD = "gnu++14";
				CLANG_CXX_LIBRARY = "libc++";
				CLANG_ENABLE_MODULES = YES;
				CLANG_ENABLE_OBJC_ARC = YES;
				CLANG_ENABLE_OBJC_WEAK = YES;
				CLANG_WARN_BLOCK_CAPTURE_AUTORELEASING = YES;
				CLANG_WARN_BOOL_CONVERSION = YES;
				CLANG_WARN_COMMA = YES;
				CLANG_WARN_CONSTANT_CONVERSION = YES;
				CLANG_WARN_DEPRECATED_OBJC_IMPLEMENTATIONS = YES;
				CLANG_WARN_DIRECT_OBJC_ISA_USAGE = YES_ERROR;
				CLANG_WARN_DOCUMENTATION_COMMENTS = YES;
				CLANG_WARN_EMPTY_BODY = YES;
				CLANG_WARN_ENUM_CONVERSION = YES;
				CLANG_WARN_INFINITE_RECURSION = YES;
				CLANG_WARN_INT_CONVERSION = YES;
				CLANG_WARN_NON_LITERAL_NULL_CONVERSION = YES;
				CLANG_WARN_OBJC_IMPLICIT_RETAIN_SELF = YES;
				CLANG_WARN_OBJC_LITERAL_CONVERSION = YES;
				CLANG_WARN_OBJC_ROOT_CLASS = YES_ERROR;
				CLANG_WARN_RANGE_LOOP_ANALYSIS = YES;
				CLANG_WARN_STRICT_PROTOTYPES = YES;
				CLANG_WARN_SUSPICIOUS_MOVE = YES;
				CLANG_WARN_UNGUARDED_AVAILABILITY = YES_AGGRESSIVE;
				CLANG_WARN_UNREACHABLE_CODE = YES;
				CLANG_WARN__DUPLICATE_METHOD_MATCH = YES;
				CODE_SIGN_IDENTITY = "Mac Developer";
				COPY_PHASE_STRIP = NO;
				DEBUG_INFORMATION_FORMAT = dwarf;
				ENABLE_STRICT_OBJC_MSGSEND = YES;
				ENABLE_TESTABILITY = YES;
				GCC_C_LANGUAGE_STANDARD = gnu11;
				GCC_DYNAMIC_NO_PIC = NO;
				GCC_NO_COMMON_BLOCKS = YES;
				GCC_OPTIMIZATION_LEVEL = 0;
				GCC_PREPROCESSOR_DEFINITIONS = (
					"DEBUG=1",
					"$(inherited)",
				);
				GCC_WARN_64_TO_32_BIT_CONVERSION = YES;
				GCC_WARN_ABOUT_RETURN_TYPE = YES_ERROR;
				GCC_WARN_UNDECLARED_SELECTOR = YES;
				GCC_WARN_UNINITIALIZED_AUTOS = YES_AGGRESSIVE;
				GCC_WARN_UNUSED_FUNCTION = YES;
				GCC_WARN_UNUSED_VARIABLE = YES;
				MACOSX_DEPLOYMENT_TARGET = 10.13;
				MTL_ENABLE_DEBUG_INFO = YES;
				ONLY_ACTIVE_ARCH = YES;
				SDKROOT = macosx;
				SWIFT_ACTIVE_COMPILATION_CONDITIONS = DEBUG;
				SWIFT_OPTIMIZATION_LEVEL = "-Onone";
			};
			name = Debug;
		};
		73FB5BAC20EE15B20061562C /* Release */ = {
			isa = XCBuildConfiguration;
			buildSettings = {
				ALWAYS_SEARCH_USER_PATHS = NO;
				CLANG_ANALYZER_NONNULL = YES;
				CLANG_ANALYZER_NUMBER_OBJECT_CONVERSION = YES_AGGRESSIVE;
				CLANG_CXX_LANGUAGE_STANDARD = "gnu++14";
				CLANG_CXX_LIBRARY = "libc++";
				CLANG_ENABLE_MODULES = YES;
				CLANG_ENABLE_OBJC_ARC = YES;
				CLANG_ENABLE_OBJC_WEAK = YES;
				CLANG_WARN_BLOCK_CAPTURE_AUTORELEASING = YES;
				CLANG_WARN_BOOL_CONVERSION = YES;
				CLANG_WARN_COMMA = YES;
				CLANG_WARN_CONSTANT_CONVERSION = YES;
				CLANG_WARN_DEPRECATED_OBJC_IMPLEMENTATIONS = YES;
				CLANG_WARN_DIRECT_OBJC_ISA_USAGE = YES_ERROR;
				CLANG_WARN_DOCUMENTATION_COMMENTS = YES;
				CLANG_WARN_EMPTY_BODY = YES;
				CLANG_WARN_ENUM_CONVERSION = YES;
				CLANG_WARN_INFINITE_RECURSION = YES;
				CLANG_WARN_INT_CONVERSION = YES;
				CLANG_WARN_NON_LITERAL_NULL_CONVERSION = YES;
				CLANG_WARN_OBJC_IMPLICIT_RETAIN_SELF = YES;
				CLANG_WARN_OBJC_LITERAL_CONVERSION = YES;
				CLANG_WARN_OBJC_ROOT_CLASS = YES_ERROR;
				CLANG_WARN_RANGE_LOOP_ANALYSIS = YES;
				CLANG_WARN_STRICT_PROTOTYPES = YES;
				CLANG_WARN_SUSPICIOUS_MOVE = YES;
				CLANG_WARN_UNGUARDED_AVAILABILITY = YES_AGGRESSIVE;
				CLANG_WARN_UNREACHABLE_CODE = YES;
				CLANG_WARN__DUPLICATE_METHOD_MATCH = YES;
				CODE_SIGN_IDENTITY = "Mac Developer";
				COPY_PHASE_STRIP = NO;
				DEBUG_INFORMATION_FORMAT = "dwarf-with-dsym";
				ENABLE_NS_ASSERTIONS = NO;
				ENABLE_STRICT_OBJC_MSGSEND = YES;
				GCC_C_LANGUAGE_STANDARD = gnu11;
				GCC_NO_COMMON_BLOCKS = YES;
				GCC_WARN_64_TO_32_BIT_CONVERSION = YES;
				GCC_WARN_ABOUT_RETURN_TYPE = YES_ERROR;
				GCC_WARN_UNDECLARED_SELECTOR = YES;
				GCC_WARN_UNINITIALIZED_AUTOS = YES_AGGRESSIVE;
				GCC_WARN_UNUSED_FUNCTION = YES;
				GCC_WARN_UNUSED_VARIABLE = YES;
				MACOSX_DEPLOYMENT_TARGET = 10.13;
				MTL_ENABLE_DEBUG_INFO = NO;
				SDKROOT = macosx;
				SWIFT_COMPILATION_MODE = wholemodule;
				SWIFT_OPTIMIZATION_LEVEL = "-O";
			};
			name = Release;
		};
		73FB5BAE20EE15B20061562C /* Debug */ = {
			isa = XCBuildConfiguration;
			buildSettings = {
				CODE_SIGN_STYLE = Automatic;
				DEVELOPMENT_TEAM = U4Y29F8CZ3;
				PRODUCT_NAME = "$(TARGET_NAME)";
				SWIFT_VERSION = 4.0;
			};
			name = Debug;
		};
		73FB5BAF20EE15B20061562C /* Release */ = {
			isa = XCBuildConfiguration;
			buildSettings = {
				CODE_SIGN_STYLE = Automatic;
				DEVELOPMENT_TEAM = U4Y29F8CZ3;
				PRODUCT_NAME = "$(TARGET_NAME)";
				SWIFT_VERSION = 4.0;
			};
			name = Release;
		};
/* End XCBuildConfiguration section */

/* Begin XCConfigurationList section */
		73FB5BA120EE15B20061562C /* Build configuration list for PBXProject "SwiftTips" */ = {
			isa = XCConfigurationList;
			buildConfigurations = (
				73FB5BAB20EE15B20061562C /* Debug */,
				73FB5BAC20EE15B20061562C /* Release */,
			);
			defaultConfigurationIsVisible = 0;
			defaultConfigurationName = Release;
		};
		73FB5BAD20EE15B20061562C /* Build configuration list for PBXNativeTarget "SwiftTips" */ = {
			isa = XCConfigurationList;
			buildConfigurations = (
				73FB5BAE20EE15B20061562C /* Debug */,
				73FB5BAF20EE15B20061562C /* Release */,
			);
			defaultConfigurationIsVisible = 0;
			defaultConfigurationName = Release;
		};
/* End XCConfigurationList section */
	};
	rootObject = 73FB5B9E20EE15B20061562C /* Project object */;
}
